
Microsoft Visual Studio Solution File, Format Version 12.00
# Visual Studio Version 17
VisualStudioVersion = 17.14.37411.7
MinimumVisualStudioVersion = 10.0.40219.1
Project("{D954291E-2A0B-460D-934E-DC6B0785DB48}") = "plugin-base", "plugin-base.shproj", "{8BDEB713-EFBF-4A57-BE55-ABC580FB4323}"
EndProject
Global
	GlobalSection(SolutionConfigurationPlatforms) = preSolution
		Debug|Any CPU = Debug|Any CPU
		Release|Any CPU = Release|Any CPU
	EndGlobalSection
	GlobalSection(SolutionProperties) = preSolution
		HideSolutionNode = FALSE
	EndGlobalSection
	GlobalSection(ExtensibilityGlobals) = postSolution
		SolutionGuid = {8A74D701-B711-4C70-8DC7-4CBC773C57D2}
	EndGlobalSection
	GlobalSection(SharedMSBuildProjectFiles) = preSolution
		plugin-base.projitems*{8bdeb713-efbf-4a57-be55-abc580fb4323}*SharedItemsImports = 13
	EndGlobalSection
EndGlobal
